// !$*UTF8*$!
{
	archiveVersion = 1;
	classes = {
	};
	objectVersion = 55;
	objects = {

/* Begin PBXBuildFile section */
		03593DF12812575F0069A20B /* ReminderDoneButton.swift in Sources */ = {isa = PBXBuildFile; fileRef = 03593DF02812575F0069A20B /* ReminderDoneButton.swift */; };
		03593DF3281258FB0069A20B /* ReminderListViewController+Actions.swift in Sources */ = {isa = PBXBuildFile; fileRef = 03593DF2281258FB0069A20B /* ReminderListViewController+Actions.swift */; };
		03593DF52813AD060069A20B /* ReminderViewController.swift in Sources */ = {isa = PBXBuildFile; fileRef = 03593DF42813AD060069A20B /* ReminderViewController.swift */; };
		03593DF92813B5EE0069A20B /* ReminderViewController+Row.swift in Sources */ = {isa = PBXBuildFile; fileRef = 03593DF82813B5EE0069A20B /* ReminderViewController+Row.swift */; };
		039D6ADA2808C7E2002F174C /* AppDelegate.swift in Sources */ = {isa = PBXBuildFile; fileRef = 039D6AD92808C7E2002F174C /* AppDelegate.swift */; };
		039D6ADC2808C7E2002F174C /* SceneDelegate.swift in Sources */ = {isa = PBXBuildFile; fileRef = 039D6ADB2808C7E2002F174C /* SceneDelegate.swift */; };
		039D6ADE2808C7E2002F174C /* ReminderListViewController.swift in Sources */ = {isa = PBXBuildFile; fileRef = 039D6ADD2808C7E2002F174C /* ReminderListViewController.swift */; };
		039D6AE12808C7E2002F174C /* Main.storyboard in Resources */ = {isa = PBXBuildFile; fileRef = 039D6ADF2808C7E2002F174C /* Main.storyboard */; };
		039D6AE32808C7E5002F174C /* Assets.xcassets in Resources */ = {isa = PBXBuildFile; fileRef = 039D6AE22808C7E5002F174C /* Assets.xcassets */; };
		039D6AE62808C7E5002F174C /* LaunchScreen.storyboard in Resources */ = {isa = PBXBuildFile; fileRef = 039D6AE42808C7E5002F174C /* LaunchScreen.storyboard */; };
		039D6AF12808C7E5002F174C /* TodayTests.swift in Sources */ = {isa = PBXBuildFile; fileRef = 039D6AF02808C7E5002F174C /* TodayTests.swift */; };
		039D6AFB2808C7E5002F174C /* TodayUITests.swift in Sources */ = {isa = PBXBuildFile; fileRef = 039D6AFA2808C7E5002F174C /* TodayUITests.swift */; };
		039D6AFD2808C7E5002F174C /* TodayUITestsLaunchTests.swift in Sources */ = {isa = PBXBuildFile; fileRef = 039D6AFC2808C7E5002F174C /* TodayUITestsLaunchTests.swift */; };
		039D6B0B2808C918002F174C /* Reminder.swift in Sources */ = {isa = PBXBuildFile; fileRef = 039D6B0A2808C918002F174C /* Reminder.swift */; };
		039D6B0D280A1D3F002F174C /* Date+Today.swift in Sources */ = {isa = PBXBuildFile; fileRef = 039D6B0C280A1D3F002F174C /* Date+Today.swift */; };
		039D6B10280A3441002F174C /* ReminderListViewController+DataSource.swift in Sources */ = {isa = PBXBuildFile; fileRef = 039D6B0F280A3441002F174C /* ReminderListViewController+DataSource.swift */; };
		03A5DF382815C9C8007A078E /* ReminderViewController+Sections.swift in Sources */ = {isa = PBXBuildFile; fileRef = 03A5DF372815C9C8007A078E /* ReminderViewController+Sections.swift */; };
		03A5DF3A2815D41A007A078E /* ReminderViewController+CellConfiguration.swift in Sources */ = {isa = PBXBuildFile; fileRef = 03A5DF392815D41A007A078E /* ReminderViewController+CellConfiguration.swift */; };
		03A5DF3D2815D70C007A078E /* UIView+PinnedSubview.swift in Sources */ = {isa = PBXBuildFile; fileRef = 03A5DF3C2815D70C007A078E /* UIView+PinnedSubview.swift */; };
		03A5DF3F2815DBB1007A078E /* TextFieldContentView.swift in Sources */ = {isa = PBXBuildFile; fileRef = 03A5DF3E2815DBB1007A078E /* TextFieldContentView.swift */; };
		03A5DF412817BBE6007A078E /* UIContentConfiguration+Stateless.swift in Sources */ = {isa = PBXBuildFile; fileRef = 03A5DF402817BBE6007A078E /* UIContentConfiguration+Stateless.swift */; };
		03A5DF432817C207007A078E /* TextViewContentView.swift in Sources */ = {isa = PBXBuildFile; fileRef = 03A5DF422817C207007A078E /* TextViewContentView.swift */; };
		03A5DF452817C3CF007A078E /* DatePickerContentView.swift in Sources */ = {isa = PBXBuildFile; fileRef = 03A5DF442817C3CF007A078E /* DatePickerContentView.swift */; };
		03A5DF47281A3835007A078E /* ReminderListStyle.swift in Sources */ = {isa = PBXBuildFile; fileRef = 03A5DF46281A3835007A078E /* ReminderListStyle.swift */; };
		03A5DF49281A46E5007A078E /* ProgressHeaderView.swift in Sources */ = {isa = PBXBuildFile; fileRef = 03A5DF48281A46E5007A078E /* ProgressHeaderView.swift */; };
		03A5DF4B281C860D007A078E /* CAGradientLayer+ListStyle.swift in Sources */ = {isa = PBXBuildFile; fileRef = 03A5DF4A281C860D007A078E /* CAGradientLayer+ListStyle.swift */; };
/* End PBXBuildFile section */

/* Begin PBXContainerItemProxy section */
		039D6AED2808C7E5002F174C /* PBXContainerItemProxy */ = {
			isa = PBXContainerItemProxy;
			containerPortal = 039D6ACE2808C7E2002F174C /* Project object */;
			proxyType = 1;
			remoteGlobalIDString = 039D6AD52808C7E2002F174C;
			remoteInfo = Today;
		};
		039D6AF72808C7E5002F174C /* PBXContainerItemProxy */ = {
			isa = PBXContainerItemProxy;
			containerPortal = 039D6ACE2808C7E2002F174C /* Project object */;
			proxyType = 1;
			remoteGlobalIDString = 039D6AD52808C7E2002F174C;
			remoteInfo = Today;
		};
/* End PBXContainerItemProxy section */

/* Begin PBXFileReference section */
		03593DF02812575F0069A20B /* ReminderDoneButton.swift */ = {isa = PBXFileReference; lastKnownFileType = sourcecode.swift; path = ReminderDoneButton.swift; sourceTree = "<group>"; };
		03593DF2281258FB0069A20B /* ReminderListViewController+Actions.swift */ = {isa = PBXFileReference; lastKnownFileType = sourcecode.swift; path = "ReminderListViewController+Actions.swift"; sourceTree = "<group>"; };
		03593DF42813AD060069A20B /* ReminderViewController.swift */ = {isa = PBXFileReference; lastKnownFileType = sourcecode.swift; path = ReminderViewController.swift; sourceTree = "<group>"; };
		03593DF82813B5EE0069A20B /* ReminderViewController+Row.swift */ = {isa = PBXFileReference; lastKnownFileType = sourcecode.swift; path = "ReminderViewController+Row.swift"; sourceTree = "<group>"; };
		039D6AD62808C7E2002F174C /* Today.app */ = {isa = PBXFileReference; explicitFileType = wrapper.application; includeInIndex = 0; path = Today.app; sourceTree = BUILT_PRODUCTS_DIR; };
		039D6AD92808C7E2002F174C /* AppDelegate.swift */ = {isa = PBXFileReference; lastKnownFileType = sourcecode.swift; path = AppDelegate.swift; sourceTree = "<group>"; };
		039D6ADB2808C7E2002F174C /* SceneDelegate.swift */ = {isa = PBXFileReference; lastKnownFileType = sourcecode.swift; path = SceneDelegate.swift; sourceTree = "<group>"; };
		039D6ADD2808C7E2002F174C /* ReminderListViewController.swift */ = {isa = PBXFileReference; lastKnownFileType = sourcecode.swift; path = ReminderListViewController.swift; sourceTree = "<group>"; };
		039D6AE02808C7E2002F174C /* Base */ = {isa = PBXFileReference; lastKnownFileType = file.storyboard; name = Base; path = Base.lproj/Main.storyboard; sourceTree = "<group>"; };
		039D6AE22808C7E5002F174C /* Assets.xcassets */ = {isa = PBXFileReference; lastKnownFileType = folder.assetcatalog; path = Assets.xcassets; sourceTree = "<group>"; };
		039D6AE52808C7E5002F174C /* Base */ = {isa = PBXFileReference; lastKnownFileType = file.storyboard; name = Base; path = Base.lproj/LaunchScreen.storyboard; sourceTree = "<group>"; };
		039D6AE72808C7E5002F174C /* Info.plist */ = {isa = PBXFileReference; lastKnownFileType = text.plist.xml; path = Info.plist; sourceTree = "<group>"; };
		039D6AEC2808C7E5002F174C /* TodayTests.xctest */ = {isa = PBXFileReference; explicitFileType = wrapper.cfbundle; includeInIndex = 0; path = TodayTests.xctest; sourceTree = BUILT_PRODUCTS_DIR; };
		039D6AF02808C7E5002F174C /* TodayTests.swift */ = {isa = PBXFileReference; lastKnownFileType = sourcecode.swift; path = TodayTests.swift; sourceTree = "<group>"; };
		039D6AF62808C7E5002F174C /* TodayUITests.xctest */ = {isa = PBXFileReference; explicitFileType = wrapper.cfbundle; includeInIndex = 0; path = TodayUITests.xctest; sourceTree = BUILT_PRODUCTS_DIR; };
		039D6AFA2808C7E5002F174C /* TodayUITests.swift */ = {isa = PBXFileReference; lastKnownFileType = sourcecode.swift; path = TodayUITests.swift; sourceTree = "<group>"; };
		039D6AFC2808C7E5002F174C /* TodayUITestsLaunchTests.swift */ = {isa = PBXFileReference; lastKnownFileType = sourcecode.swift; path = TodayUITestsLaunchTests.swift; sourceTree = "<group>"; };
		039D6B0A2808C918002F174C /* Reminder.swift */ = {isa = PBXFileReference; lastKnownFileType = sourcecode.swift; path = Reminder.swift; sourceTree = "<group>"; };
		039D6B0C280A1D3F002F174C /* Date+Today.swift */ = {isa = PBXFileReference; lastKnownFileType = sourcecode.swift; path = "Date+Today.swift"; sourceTree = "<group>"; };
		039D6B0F280A3441002F174C /* ReminderListViewController+DataSource.swift */ = {isa = PBXFileReference; lastKnownFileType = sourcecode.swift; path = "ReminderListViewController+DataSource.swift"; sourceTree = "<group>"; };
		03A5DF372815C9C8007A078E /* ReminderViewController+Sections.swift */ = {isa = PBXFileReference; lastKnownFileType = sourcecode.swift; path = "ReminderViewController+Sections.swift"; sourceTree = "<group>"; };
		03A5DF392815D41A007A078E /* ReminderViewController+CellConfiguration.swift */ = {isa = PBXFileReference; lastKnownFileType = sourcecode.swift; path = "ReminderViewController+CellConfiguration.swift"; sourceTree = "<group>"; };
		03A5DF3C2815D70C007A078E /* UIView+PinnedSubview.swift */ = {isa = PBXFileReference; lastKnownFileType = sourcecode.swift; path = "UIView+PinnedSubview.swift"; sourceTree = "<group>"; };
		03A5DF3E2815DBB1007A078E /* TextFieldContentView.swift */ = {isa = PBXFileReference; lastKnownFileType = sourcecode.swift; path = TextFieldContentView.swift; sourceTree = "<group>"; };
		03A5DF402817BBE6007A078E /* UIContentConfiguration+Stateless.swift */ = {isa = PBXFileReference; lastKnownFileType = sourcecode.swift; path = "UIContentConfiguration+Stateless.swift"; sourceTree = "<group>"; };
		03A5DF422817C207007A078E /* TextViewContentView.swift */ = {isa = PBXFileReference; lastKnownFileType = sourcecode.swift; path = TextViewContentView.swift; sourceTree = "<group>"; };
		03A5DF442817C3CF007A078E /* DatePickerContentView.swift */ = {isa = PBXFileReference; lastKnownFileType = sourcecode.swift; path = DatePickerContentView.swift; sourceTree = "<group>"; };
		03A5DF46281A3835007A078E /* ReminderListStyle.swift */ = {isa = PBXFileReference; lastKnownFileType = sourcecode.swift; path = ReminderListStyle.swift; sourceTree = "<group>"; };
		03A5DF48281A46E5007A078E /* ProgressHeaderView.swift */ = {isa = PBXFileReference; lastKnownFileType = sourcecode.swift; path = ProgressHeaderView.swift; sourceTree = "<group>"; };
		03A5DF4A281C860D007A078E /* CAGradientLayer+ListStyle.swift */ = {isa = PBXFileReference; lastKnownFileType = sourcecode.swift; path = "CAGradientLayer+ListStyle.swift"; sourceTree = "<group>"; };
/* End PBXFileReference section */

/* Begin PBXFrameworksBuildPhase section */
		039D6AD32808C7E2002F174C /* Frameworks */ = {
			isa = PBXFrameworksBuildPhase;
			buildActionMask = 2147483647;
			files = (
			);
			runOnlyForDeploymentPostprocessing = 0;
		};
		039D6AE92808C7E5002F174C /* Frameworks */ = {
			isa = PBXFrameworksBuildPhase;
			buildActionMask = 2147483647;
			files = (
			);
			runOnlyForDeploymentPostprocessing = 0;
		};
		039D6AF32808C7E5002F174C /* Frameworks */ = {
			isa = PBXFrameworksBuildPhase;
			buildActionMask = 2147483647;
			files = (
			);
			runOnlyForDeploymentPostprocessing = 0;
		};
/* End PBXFrameworksBuildPhase section */

/* Begin PBXGroup section */
		03593DF62813AD1D0069A20B /* Views */ = {
			isa = PBXGroup;
			children = (
				03593DF72813B5BA0069A20B /* DetailViewController */,
				039D6B0E280A1FC3002F174C /* ListViewController */,
			);
			path = Views;
			sourceTree = "<group>";
		};
		03593DF72813B5BA0069A20B /* DetailViewController */ = {
			isa = PBXGroup;
			children = (
				03593DF42813AD060069A20B /* ReminderViewController.swift */,
				03593DF82813B5EE0069A20B /* ReminderViewController+Row.swift */,
				03A5DF372815C9C8007A078E /* ReminderViewController+Sections.swift */,
				03A5DF392815D41A007A078E /* ReminderViewController+CellConfiguration.swift */,
			);
			path = DetailViewController;
			sourceTree = "<group>";
		};
		039D6ACD2808C7E2002F174C = {
			isa = PBXGroup;
			children = (
				039D6AD82808C7E2002F174C /* Today */,
				039D6AEF2808C7E5002F174C /* TodayTests */,
				039D6AF92808C7E5002F174C /* TodayUITests */,
				039D6AD72808C7E2002F174C /* Products */,
			);
			sourceTree = "<group>";
		};
		039D6AD72808C7E2002F174C /* Products */ = {
			isa = PBXGroup;
			children = (
				039D6AD62808C7E2002F174C /* Today.app */,
				039D6AEC2808C7E5002F174C /* TodayTests.xctest */,
				039D6AF62808C7E5002F174C /* TodayUITests.xctest */,
			);
			name = Products;
			sourceTree = "<group>";
		};
		039D6AD82808C7E2002F174C /* Today */ = {
			isa = PBXGroup;
			children = (
				039D6B092808C8F9002F174C /* Models */,
				039D6AD92808C7E2002F174C /* AppDelegate.swift */,
				039D6ADB2808C7E2002F174C /* SceneDelegate.swift */,
				03A5DF3B2815D6BF007A078E /* ContentViews */,
				03593DF62813AD1D0069A20B /* Views */,
				039D6ADF2808C7E2002F174C /* Main.storyboard */,
				039D6AE22808C7E5002F174C /* Assets.xcassets */,
				039D6AE42808C7E5002F174C /* LaunchScreen.storyboard */,
				039D6AE72808C7E5002F174C /* Info.plist */,
			);
			path = Today;
			sourceTree = "<group>";
		};
		039D6AEF2808C7E5002F174C /* TodayTests */ = {
			isa = PBXGroup;
			children = (
				039D6AF02808C7E5002F174C /* TodayTests.swift */,
			);
			path = TodayTests;
			sourceTree = "<group>";
		};
		039D6AF92808C7E5002F174C /* TodayUITests */ = {
			isa = PBXGroup;
			children = (
				039D6AFA2808C7E5002F174C /* TodayUITests.swift */,
				039D6AFC2808C7E5002F174C /* TodayUITestsLaunchTests.swift */,
			);
			path = TodayUITests;
			sourceTree = "<group>";
		};
		039D6B092808C8F9002F174C /* Models */ = {
			isa = PBXGroup;
			children = (
				039D6B0A2808C918002F174C /* Reminder.swift */,
				039D6B0C280A1D3F002F174C /* Date+Today.swift */,
				03A5DF46281A3835007A078E /* ReminderListStyle.swift */,
				03A5DF4A281C860D007A078E /* CAGradientLayer+ListStyle.swift */,
			);
			path = Models;
			sourceTree = "<group>";
		};
		039D6B0E280A1FC3002F174C /* ListViewController */ = {
			isa = PBXGroup;
			children = (
				03593DF02812575F0069A20B /* ReminderDoneButton.swift */,
				039D6ADD2808C7E2002F174C /* ReminderListViewController.swift */,
				039D6B0F280A3441002F174C /* ReminderListViewController+DataSource.swift */,
				03593DF2281258FB0069A20B /* ReminderListViewController+Actions.swift */,
				03A5DF48281A46E5007A078E /* ProgressHeaderView.swift */,
			);
			path = ListViewController;
			sourceTree = "<group>";
		};
		03A5DF3B2815D6BF007A078E /* ContentViews */ = {
			isa = PBXGroup;
			children = (
				03A5DF3C2815D70C007A078E /* UIView+PinnedSubview.swift */,
				03A5DF3E2815DBB1007A078E /* TextFieldContentView.swift */,
				03A5DF402817BBE6007A078E /* UIContentConfiguration+Stateless.swift */,
				03A5DF422817C207007A078E /* TextViewContentView.swift */,
				03A5DF442817C3CF007A078E /* DatePickerContentView.swift */,
			);
			path = ContentViews;
			sourceTree = "<group>";
		};
/* End PBXGroup section */

/* Begin PBXNativeTarget section */
		039D6AD52808C7E2002F174C /* Today */ = {
			isa = PBXNativeTarget;
			buildConfigurationList = 039D6B002808C7E5002F174C /* Build configuration list for PBXNativeTarget "Today" */;
			buildPhases = (
				039D6AD22808C7E2002F174C /* Sources */,
				039D6AD32808C7E2002F174C /* Frameworks */,
				039D6AD42808C7E2002F174C /* Resources */,
			);
			buildRules = (
			);
			dependencies = (
			);
			name = Today;
			productName = Today;
			productReference = 039D6AD62808C7E2002F174C /* Today.app */;
			productType = "com.apple.product-type.application";
		};
		039D6AEB2808C7E5002F174C /* TodayTests */ = {
			isa = PBXNativeTarget;
			buildConfigurationList = 039D6B032808C7E5002F174C /* Build configuration list for PBXNativeTarget "TodayTests" */;
			buildPhases = (
				039D6AE82808C7E5002F174C /* Sources */,
				039D6AE92808C7E5002F174C /* Frameworks */,
				039D6AEA2808C7E5002F174C /* Resources */,
			);
			buildRules = (
			);
			dependencies = (
				039D6AEE2808C7E5002F174C /* PBXTargetDependency */,
			);
			name = TodayTests;
			productName = TodayTests;
			productReference = 039D6AEC2808C7E5002F174C /* TodayTests.xctest */;
			productType = "com.apple.product-type.bundle.unit-test";
		};
		039D6AF52808C7E5002F174C /* TodayUITests */ = {
			isa = PBXNativeTarget;
			buildConfigurationList = 039D6B062808C7E5002F174C /* Build configuration list for PBXNativeTarget "TodayUITests" */;
			buildPhases = (
				039D6AF22808C7E5002F174C /* Sources */,
				039D6AF32808C7E5002F174C /* Frameworks */,
				039D6AF42808C7E5002F174C /* Resources */,
			);
			buildRules = (
			);
			dependencies = (
				039D6AF82808C7E5002F174C /* PBXTargetDependency */,
			);
			name = TodayUITests;
			productName = TodayUITests;
			productReference = 039D6AF62808C7E5002F174C /* TodayUITests.xctest */;
			productType = "com.apple.product-type.bundle.ui-testing";
		};
/* End PBXNativeTarget section */

/* Begin PBXProject section */
		039D6ACE2808C7E2002F174C /* Project object */ = {
			isa = PBXProject;
			attributes = {
				BuildIndependentTargetsInParallel = 1;
				LastSwiftUpdateCheck = 1330;
				LastUpgradeCheck = 1330;
				TargetAttributes = {
					039D6AD52808C7E2002F174C = {
						CreatedOnToolsVersion = 13.3.1;
					};
					039D6AEB2808C7E5002F174C = {
						CreatedOnToolsVersion = 13.3.1;
						TestTargetID = 039D6AD52808C7E2002F174C;
					};
					039D6AF52808C7E5002F174C = {
						CreatedOnToolsVersion = 13.3.1;
						TestTargetID = 039D6AD52808C7E2002F174C;
					};
				};
			};
			buildConfigurationList = 039D6AD12808C7E2002F174C /* Build configuration list for PBXProject "Today" */;
			compatibilityVersion = "Xcode 13.0";
			developmentRegion = en;
			hasScannedForEncodings = 0;
			knownRegions = (
				en,
				Base,
			);
			mainGroup = 039D6ACD2808C7E2002F174C;
			productRefGroup = 039D6AD72808C7E2002F174C /* Products */;
			projectDirPath = "";
			projectRoot = "";
			targets = (
				039D6AD52808C7E2002F174C /* Today */,
				039D6AEB2808C7E5002F174C /* TodayTests */,
				039D6AF52808C7E5002F174C /* TodayUITests */,
			);
		};
/* End PBXProject section */

/* Begin PBXResourcesBuildPhase section */
		039D6AD42808C7E2002F174C /* Resources */ = {
			isa = PBXResourcesBuildPhase;
			buildActionMask = 2147483647;
			files = (
				039D6AE62808C7E5002F174C /* LaunchScreen.storyboard in Resources */,
				039D6AE32808C7E5002F174C /* Assets.xcassets in Resources */,
				039D6AE12808C7E2002F174C /* Main.storyboard in Resources */,
			);
			runOnlyForDeploymentPostprocessing = 0;
		};
		039D6AEA2808C7E5002F174C /* Resources */ = {
			isa = PBXResourcesBuildPhase;
			buildActionMask = 2147483647;
			files = (
			);
			runOnlyForDeploymentPostprocessing = 0;
		};
		039D6AF42808C7E5002F174C /* Resources */ = {
			isa = PBXResourcesBuildPhase;
			buildActionMask = 2147483647;
			files = (
			);
			runOnlyForDeploymentPostprocessing = 0;
		};
/* End PBXResourcesBuildPhase section */

/* Begin PBXSourcesBuildPhase section */
		039D6AD22808C7E2002F174C /* Sources */ = {
			isa = PBXSourcesBuildPhase;
			buildActionMask = 2147483647;
			files = (
				03A5DF382815C9C8007A078E /* ReminderViewController+Sections.swift in Sources */,
				03A5DF452817C3CF007A078E /* DatePickerContentView.swift in Sources */,
				03593DF3281258FB0069A20B /* ReminderListViewController+Actions.swift in Sources */,
				039D6ADE2808C7E2002F174C /* ReminderListViewController.swift in Sources */,
				039D6B0D280A1D3F002F174C /* Date+Today.swift in Sources */,
				03A5DF49281A46E5007A078E /* ProgressHeaderView.swift in Sources */,
				039D6ADA2808C7E2002F174C /* AppDelegate.swift in Sources */,
				03A5DF412817BBE6007A078E /* UIContentConfiguration+Stateless.swift in Sources */,
				03A5DF3A2815D41A007A078E /* ReminderViewController+CellConfiguration.swift in Sources */,
				039D6ADC2808C7E2002F174C /* SceneDelegate.swift in Sources */,
				03A5DF47281A3835007A078E /* ReminderListStyle.swift in Sources */,
				03593DF52813AD060069A20B /* ReminderViewController.swift in Sources */,
				03A5DF3D2815D70C007A078E /* UIView+PinnedSubview.swift in Sources */,
				03A5DF4B281C860D007A078E /* CAGradientLayer+ListStyle.swift in Sources */,
				03A5DF432817C207007A078E /* TextViewContentView.swift in Sources */,
				03593DF92813B5EE0069A20B /* ReminderViewController+Row.swift in Sources */,
				039D6B0B2808C918002F174C /* Reminder.swift in Sources */,
				03593DF12812575F0069A20B /* ReminderDoneButton.swift in Sources */,
				03A5DF3F2815DBB1007A078E /* TextFieldContentView.swift in Sources */,
				039D6B10280A3441002F174C /* ReminderListViewController+DataSource.swift in Sources */,
			);
			runOnlyForDeploymentPostprocessing = 0;
		};
		039D6AE82808C7E5002F174C /* Sources */ = {
			isa = PBXSourcesBuildPhase;
			buildActionMask = 2147483647;
			files = (
				039D6AF12808C7E5002F174C /* TodayTests.swift in Sources */,
			);
			runOnlyForDeploymentPostprocessing = 0;
		};
		039D6AF22808C7E5002F174C /* Sources */ = {
			isa = PBXSourcesBuildPhase;
			buildActionMask = 2147483647;
			files = (
				039D6AFD2808C7E5002F174C /* TodayUITestsLaunchTests.swift in Sources */,
				039D6AFB2808C7E5002F174C /* TodayUITests.swift in Sources */,
			);
			runOnlyForDeploymentPostprocessing = 0;
		};
/* End PBXSourcesBuildPhase section */

/* Begin PBXTargetDependency section */
		039D6AEE2808C7E5002F174C /* PBXTargetDependency */ = {
			isa = PBXTargetDependency;
			target = 039D6AD52808C7E2002F174C /* Today */;
			targetProxy = 039D6AED2808C7E5002F174C /* PBXContainerItemProxy */;
		};
		039D6AF82808C7E5002F174C /* PBXTargetDependency */ = {
			isa = PBXTargetDependency;
			target = 039D6AD52808C7E2002F174C /* Today */;
			targetProxy = 039D6AF72808C7E5002F174C /* PBXContainerItemProxy */;
		};
/* End PBXTargetDependency section */

/* Begin PBXVariantGroup section */
		039D6ADF2808C7E2002F174C /* Main.storyboard */ = {
			isa = PBXVariantGroup;
			children = (
				039D6AE02808C7E2002F174C /* Base */,
			);
			name = Main.storyboard;
			sourceTree = "<group>";
		};
		039D6AE42808C7E5002F174C /* LaunchScreen.storyboard */ = {
			isa = PBXVariantGroup;
			children = (
				039D6AE52808C7E5002F174C /* Base */,
			);
			name = LaunchScreen.storyboard;
			sourceTree = "<group>";
		};
/* End PBXVariantGroup section */

/* Begin XCBuildConfiguration section */
		039D6AFE2808C7E5002F174C /* Debug */ = {
			isa = XCBuildConfiguration;
			buildSettings = {
				ALWAYS_SEARCH_USER_PATHS = NO;
				CLANG_ANALYZER_NONNULL = YES;
				CLANG_ANALYZER_NUMBER_OBJECT_CONVERSION = YES_AGGRESSIVE;
				CLANG_CXX_LANGUAGE_STANDARD = "gnu++17";
				CLANG_ENABLE_MODULES = YES;
				CLANG_ENABLE_OBJC_ARC = YES;
				CLANG_ENABLE_OBJC_WEAK = YES;
				CLANG_WARN_BLOCK_CAPTURE_AUTORELEASING = YES;
				CLANG_WARN_BOOL_CONVERSION = YES;
				CLANG_WARN_COMMA = YES;
				CLANG_WARN_CONSTANT_CONVERSION = YES;
				CLANG_WARN_DEPRECATED_OBJC_IMPLEMENTATIONS = YES;
				CLANG_WARN_DIRECT_OBJC_ISA_USAGE = YES_ERROR;
				CLANG_WARN_DOCUMENTATION_COMMENTS = YES;
				CLANG_WARN_EMPTY_BODY = YES;
				CLANG_WARN_ENUM_CONVERSION = YES;
				CLANG_WARN_INFINITE_RECURSION = YES;
				CLANG_WARN_INT_CONVERSION = YES;
				CLANG_WARN_NON_LITERAL_NULL_CONVERSION = YES;
				CLANG_WARN_OBJC_IMPLICIT_RETAIN_SELF = YES;
				CLANG_WARN_OBJC_LITERAL_CONVERSION = YES;
				CLANG_WARN_OBJC_ROOT_CLASS = YES_ERROR;
				CLANG_WARN_QUOTED_INCLUDE_IN_FRAMEWORK_HEADER = YES;
				CLANG_WARN_RANGE_LOOP_ANALYSIS = YES;
				CLANG_WARN_STRICT_PROTOTYPES = YES;
				CLANG_WARN_SUSPICIOUS_MOVE = YES;
				CLANG_WARN_UNGUARDED_AVAILABILITY = YES_AGGRESSIVE;
				CLANG_WARN_UNREACHABLE_CODE = YES;
				CLANG_WARN__DUPLICATE_METHOD_MATCH = YES;
				COPY_PHASE_STRIP = NO;
				DEBUG_INFORMATION_FORMAT = dwarf;
				ENABLE_STRICT_OBJC_MSGSEND = YES;
				ENABLE_TESTABILITY = YES;
				GCC_C_LANGUAGE_STANDARD = gnu11;
				GCC_DYNAMIC_NO_PIC = NO;
				GCC_NO_COMMON_BLOCKS = YES;
				GCC_OPTIMIZATION_LEVEL = 0;
				GCC_PREPROCESSOR_DEFINITIONS = (
					"DEBUG=1",
					"$(inherited)",
				);
				GCC_WARN_64_TO_32_BIT_CONVERSION = YES;
				GCC_WARN_ABOUT_RETURN_TYPE = YES_ERROR;
				GCC_WARN_UNDECLARED_SELECTOR = YES;
				GCC_WARN_UNINITIALIZED_AUTOS = YES_AGGRESSIVE;
				GCC_WARN_UNUSED_FUNCTION = YES;
				GCC_WARN_UNUSED_VARIABLE = YES;
				IPHONEOS_DEPLOYMENT_TARGET = 15.4;
				MTL_ENABLE_DEBUG_INFO = INCLUDE_SOURCE;
				MTL_FAST_MATH = YES;
				ONLY_ACTIVE_ARCH = YES;
				SDKROOT = iphoneos;
				SWIFT_ACTIVE_COMPILATION_CONDITIONS = DEBUG;
				SWIFT_OPTIMIZATION_LEVEL = "-Onone";
			};
			name = Debug;
		};
		039D6AFF2808C7E5002F174C /* Release */ = {
			isa = XCBuildConfiguration;
			buildSettings = {
				ALWAYS_SEARCH_USER_PATHS = NO;
				CLANG_ANALYZER_NONNULL = YES;
				CLANG_ANALYZER_NUMBER_OBJECT_CONVERSION = YES_AGGRESSIVE;
				CLANG_CXX_LANGUAGE_STANDARD = "gnu++17";
				CLANG_ENABLE_MODULES = YES;
				CLANG_ENABLE_OBJC_ARC = YES;
				CLANG_ENABLE_OBJC_WEAK = YES;
				CLANG_WARN_BLOCK_CAPTURE_AUTORELEASING = YES;
				CLANG_WARN_BOOL_CONVERSION = YES;
				CLANG_WARN_COMMA = YES;
				CLANG_WARN_CONSTANT_CONVERSION = YES;
				CLANG_WARN_DEPRECATED_OBJC_IMPLEMENTATIONS = YES;
				CLANG_WARN_DIRECT_OBJC_ISA_USAGE = YES_ERROR;
				CLANG_WARN_DOCUMENTATION_COMMENTS = YES;
				CLANG_WARN_EMPTY_BODY = YES;
				CLANG_WARN_ENUM_CONVERSION = YES;
				CLANG_WARN_INFINITE_RECURSION = YES;
				CLANG_WARN_INT_CONVERSION = YES;
				CLANG_WARN_NON_LITERAL_NULL_CONVERSION = YES;
				CLANG_WARN_OBJC_IMPLICIT_RETAIN_SELF = YES;
				CLANG_WARN_OBJC_LITERAL_CONVERSION = YES;
				CLANG_WARN_OBJC_ROOT_CLASS = YES_ERROR;
				CLANG_WARN_QUOTED_INCLUDE_IN_FRAMEWORK_HEADER = YES;
				CLANG_WARN_RANGE_LOOP_ANALYSIS = YES;
				CLANG_WARN_STRICT_PROTOTYPES = YES;
				CLANG_WARN_SUSPICIOUS_MOVE = YES;
				CLANG_WARN_UNGUARDED_AVAILABILITY = YES_AGGRESSIVE;
				CLANG_WARN_UNREACHABLE_CODE = YES;
				CLANG_WARN__DUPLICATE_METHOD_MATCH = YES;
				COPY_PHASE_STRIP = NO;
				DEBUG_INFORMATION_FORMAT = "dwarf-with-dsym";
				ENABLE_NS_ASSERTIONS = NO;
				ENABLE_STRICT_OBJC_MSGSEND = YES;
				GCC_C_LANGUAGE_STANDARD = gnu11;
				GCC_NO_COMMON_BLOCKS = YES;
				GCC_WARN_64_TO_32_BIT_CONVERSION = YES;
				GCC_WARN_ABOUT_RETURN_TYPE = YES_ERROR;
				GCC_WARN_UNDECLARED_SELECTOR = YES;
				GCC_WARN_UNINITIALIZED_AUTOS = YES_AGGRESSIVE;
				GCC_WARN_UNUSED_FUNCTION = YES;
				GCC_WARN_UNUSED_VARIABLE = YES;
				IPHONEOS_DEPLOYMENT_TARGET = 15.4;
				MTL_ENABLE_DEBUG_INFO = NO;
				MTL_FAST_MATH = YES;
				SDKROOT = iphoneos;
				SWIFT_COMPILATION_MODE = wholemodule;
				SWIFT_OPTIMIZATION_LEVEL = "-O";
				VALIDATE_PRODUCT = YES;
			};
			name = Release;
		};
		039D6B012808C7E5002F174C /* Debug */ = {
			isa = XCBuildConfiguration;
			buildSettings = {
				ASSETCATALOG_COMPILER_APPICON_NAME = AppIcon;
				ASSETCATALOG_COMPILER_GLOBAL_ACCENT_COLOR_NAME = AccentColor;
				CODE_SIGN_STYLE = Automatic;
				CURRENT_PROJECT_VERSION = 1;
				GENERATE_INFOPLIST_FILE = YES;
				INFOPLIST_FILE = Today/Info.plist;
				INFOPLIST_KEY_UIApplicationSupportsIndirectInputEvents = YES;
				INFOPLIST_KEY_UILaunchStoryboardName = LaunchScreen;
				INFOPLIST_KEY_UIMainStoryboardFile = Main;
				INFOPLIST_KEY_UISupportedInterfaceOrientations_iPad = "UIInterfaceOrientationPortrait UIInterfaceOrientationPortraitUpsideDown UIInterfaceOrientationLandscapeLeft UIInterfaceOrientationLandscapeRight";
				INFOPLIST_KEY_UISupportedInterfaceOrientations_iPhone = "UIInterfaceOrientationPortrait UIInterfaceOrientationLandscapeLeft UIInterfaceOrientationLandscapeRight";
				LD_RUNPATH_SEARCH_PATHS = (
					"$(inherited)",
					"@executable_path/Frameworks",
				);
				MARKETING_VERSION = 1.0;
				PRODUCT_BUNDLE_IDENTIFIER = com.tutorial.Today;
				PRODUCT_NAME = "$(TARGET_NAME)";
				SWIFT_EMIT_LOC_STRINGS = YES;
				SWIFT_VERSION = 5.0;
				TARGETED_DEVICE_FAMILY = "1,2";
			};
			name = Debug;
		};
		039D6B022808C7E5002F174C /* Release */ = {
			isa = XCBuildConfiguration;
			buildSettings = {
				ASSETCATALOG_COMPILER_APPICON_NAME = AppIcon;
				ASSETCATALOG_COMPILER_GLOBAL_ACCENT_COLOR_NAME = AccentColor;
				CODE_SIGN_STYLE = Automatic;
				CURRENT_PROJECT_VERSION = 1;
				GENERATE_INFOPLIST_FILE = YES;
				INFOPLIST_FILE = Today/Info.plist;
				INFOPLIST_KEY_UIApplicationSupportsIndirectInputEvents = YES;
				INFOPLIST_KEY_UILaunchStoryboardName = LaunchScreen;
				INFOPLIST_KEY_UIMainStoryboardFile = Main;
				INFOPLIST_KEY_UISupportedInterfaceOrientations_iPad = "UIInterfaceOrientationPortrait UIInterfaceOrientationPortraitUpsideDown UIInterfaceOrientationLandscapeLeft UIInterfaceOrientationLandscapeRight";
				INFOPLIST_KEY_UISupportedInterfaceOrientations_iPhone = "UIInterfaceOrientationPortrait UIInterfaceOrientationLandscapeLeft UIInterfaceOrientationLandscapeRight";
				LD_RUNPATH_SEARCH_PATHS = (
					"$(inherited)",
					"@executable_path/Frameworks",
				);
				MARKETING_VERSION = 1.0;
				PRODUCT_BUNDLE_IDENTIFIER = com.tutorial.Today;
				PRODUCT_NAME = "$(TARGET_NAME)";
				SWIFT_EMIT_LOC_STRINGS = YES;
				SWIFT_VERSION = 5.0;
				TARGETED_DEVICE_FAMILY = "1,2";
			};
			name = Release;
		};
		039D6B042808C7E5002F174C /* Debug */ = {
			isa = XCBuildConfiguration;
			buildSettings = {
				ALWAYS_EMBED_SWIFT_STANDARD_LIBRARIES = YES;
				BUNDLE_LOADER = "$(TEST_HOST)";
				CODE_SIGN_STYLE = Automatic;
				CURRENT_PROJECT_VERSION = 1;
				GENERATE_INFOPLIST_FILE = YES;
				IPHONEOS_DEPLOYMENT_TARGET = 15.4;
				MARKETING_VERSION = 1.0;
				PRODUCT_BUNDLE_IDENTIFIER = com.tutorial.TodayTests;
				PRODUCT_NAME = "$(TARGET_NAME)";
				SWIFT_EMIT_LOC_STRINGS = NO;
				SWIFT_VERSION = 5.0;
				TARGETED_DEVICE_FAMILY = "1,2";
				TEST_HOST = "$(BUILT_PRODUCTS_DIR)/Today.app/Today";
			};
			name = Debug;
		};
		039D6B052808C7E5002F174C /* Release */ = {
			isa = XCBuildConfiguration;
			buildSettings = {
				ALWAYS_EMBED_SWIFT_STANDARD_LIBRARIES = YES;
				BUNDLE_LOADER = "$(TEST_HOST)";
				CODE_SIGN_STYLE = Automatic;
				CURRENT_PROJECT_VERSION = 1;
				GENERATE_INFOPLIST_FILE = YES;
				IPHONEOS_DEPLOYMENT_TARGET = 15.4;
				MARKETING_VERSION = 1.0;
				PRODUCT_BUNDLE_IDENTIFIER = com.tutorial.TodayTests;
				PRODUCT_NAME = "$(TARGET_NAME)";
				SWIFT_EMIT_LOC_STRINGS = NO;
				SWIFT_VERSION = 5.0;
				TARGETED_DEVICE_FAMILY = "1,2";
				TEST_HOST = "$(BUILT_PRODUCTS_DIR)/Today.app/Today";
			};
			name = Release;
		};
		039D6B072808C7E5002F174C /* Debug */ = {
			isa = XCBuildConfiguration;
			buildSettings = {
				ALWAYS_EMBED_SWIFT_STANDARD_LIBRARIES = YES;
				CODE_SIGN_STYLE = Automatic;
				CURRENT_PROJECT_VERSION = 1;
				GENERATE_INFOPLIST_FILE = YES;
				MARKETING_VERSION = 1.0;
				PRODUCT_BUNDLE_IDENTIFIER = com.tutorial.TodayUITests;
				PRODUCT_NAME = "$(TARGET_NAME)";
				SWIFT_EMIT_LOC_STRINGS = NO;
				SWIFT_VERSION = 5.0;
				TARGETED_DEVICE_FAMILY = "1,2";
				TEST_TARGET_NAME = Today;
			};
			name = Debug;
		};
		039D6B082808C7E5002F174C /* Release */ = {
			isa = XCBuildConfiguration;
			buildSettings = {
				ALWAYS_EMBED_SWIFT_STANDARD_LIBRARIES = YES;
				CODE_SIGN_STYLE = Automatic;
				CURRENT_PROJECT_VERSION = 1;
				GENERATE_INFOPLIST_FILE = YES;
				MARKETING_VERSION = 1.0;
				PRODUCT_BUNDLE_IDENTIFIER = com.tutorial.TodayUITests;
				PRODUCT_NAME = "$(TARGET_NAME)";
				SWIFT_EMIT_LOC_STRINGS = NO;
				SWIFT_VERSION = 5.0;
				TARGETED_DEVICE_FAMILY = "1,2";
				TEST_TARGET_NAME = Today;
			};
			name = Release;
		};
/* End XCBuildConfiguration section */

/* Begin XCConfigurationList section */
		039D6AD12808C7E2002F174C /* Build configuration list for PBXProject "Today" */ = {
			isa = XCConfigurationList;
			buildConfigurations = (
				039D6AFE2808C7E5002F174C /* Debug */,
				039D6AFF2808C7E5002F174C /* Release */,
			);
			defaultConfigurationIsVisible = 0;
			defaultConfigurationName = Release;
		};
		039D6B002808C7E5002F174C /* Build configuration list for PBXNativeTarget "Today" */ = {
			isa = XCConfigurationList;
			buildConfigurations = (
				039D6B012808C7E5002F174C /* Debug */,
				039D6B022808C7E5002F174C /* Release */,
			);
			defaultConfigurationIsVisible = 0;
			defaultConfigurationName = Release;
		};
		039D6B032808C7E5002F174C /* Build configuration list for PBXNativeTarget "TodayTests" */ = {
			isa = XCConfigurationList;
			buildConfigurations = (
				039D6B042808C7E5002F174C /* Debug */,
				039D6B052808C7E5002F174C /* Release */,
			);
			defaultConfigurationIsVisible = 0;
			defaultConfigurationName = Release;
		};
		039D6B062808C7E5002F174C /* Build configuration list for PBXNativeTarget "TodayUITests" */ = {
			isa = XCConfigurationList;
			buildConfigurations = (
				039D6B072808C7E5002F174C /* Debug */,
				039D6B082808C7E5002F174C /* Release */,
			);
			defaultConfigurationIsVisible = 0;
			defaultConfigurationName = Release;
		};
/* End XCConfigurationList section */
	};
	rootObject = 039D6ACE2808C7E2002F174C /* Project object */;
}
